
Microsoft Visual Studio Solution File, Format Version 12.00
# Visual Studio 15
VisualStudioVersion = 15.0.27130.2010
MinimumVisualStudioVersion = 10.0.40219.1
Project("{FAE04EC0-301F-11D3-BF4B-00C04F79EFBC}") = "Expshare", "Expshare\Expshare.csproj", "{827572A3-0F6D-482C-98F8-AFE3D09A5FF2}"
EndProject
Global
	GlobalSection(SolutionConfigurationPlatforms) = preSolution
		Debug|Any CPU = Debug|Any CPU
		Release|Any CPU = Release|Any CPU
	EndGlobalSection
	GlobalSection(ProjectConfigurationPlatforms) = postSolution
		{827572A3-0F6D-482C-98F8-AFE3D09A5FF2}.Debug|Any CPU.ActiveCfg = Debug|Any CPU
		{827572A3-0F6D-482C-98F8-AFE3D09A5FF2}.Debug|Any CPU.Build.0 = Debug|Any CPU
		{827572A3-0F6D-482C-98F8-AFE3D09A5FF2}.Release|Any CPU.ActiveCfg = Release|Any CPU
		{827572A3-0F6D-482C-98F8-AFE3D09A5FF2}.Release|Any CPU.Build.0 = Release|Any CPU
	EndGlobalSection
	GlobalSection(SolutionProperties) = preSolution
		HideSolutionNode = FALSE
	EndGlobalSection
	GlobalSection(ExtensibilityGlobals) = postSolution
		SolutionGuid = {6FB7E448-F91B-4DC5-9D0F-B77A70C20586}
	EndGlobalSection
EndGlobal
